{
  "name": "form-builder-lib",
  "version": "0.0.1",
  "lockfileVersion": 3,
  "requires": true,
  "packages": {
    "": {
      "name": "form-builder-lib",
      "version": "0.0.1",
      "dependencies": {
        "ngx-select-dropdown": "^3.3.2",
        "tslib": "^2.3.0"
      },
      "devDependencies": {
        "@types/html2pdf.js": "^0.10.0"
      },
      "peerDependencies": {
        "@angular/common": "^18.2.13",
        "@angular/core": "^18.2.13",
        "@angular/forms": "^18.2.13",
        "rxjs": "^7.8.0"
      }
    },
    "node_modules/@angular/common": {
      "version": "18.2.14",
      "resolved": "https://nexus.stj.jus.br/repository/npm-stj/@angular/common/-/common-18.2.14.tgz",
      "integrity": "sha512-ZPRswzaVRiqcfZoowuAM22Hr2/z10ajWOUoFDoQ9tWqz/fH/773kJv2F9VvePIekgNPCzaizqv9gF6tGNqaAwg==",
      "license": "MIT",
      "peer": true,
      "dependencies": {
        "tslib": "^2.3.0"
      },
      "engines": {
        "node": "^18.19.1 || ^20.11.1 || >=22.0.0"
      },
      "peerDependencies": {
        "@angular/core": "18.2.14",
        "rxjs": "^6.5.3 || ^7.4.0"
      }
    },
    "node_modules/@angular/core": {
      "version": "18.2.14",
      "resolved": "https://nexus.stj.jus.br/repository/npm-stj/@angular/core/-/core-18.2.14.tgz",
      "integrity": "sha512-BIPrCs93ZZTY9ym7yfoTgAQ5rs706yoYeAdrgc8kh/bDbM9DawxKlgeKBx2FLt09Y0YQ1bFhKVp0cV4gDEaMxQ==",
      "license": "MIT",
      "peer": true,
      "dependencies": {
        "tslib": "^2.3.0"
      },
      "engines": {
        "node": "^18.19.1 || ^20.11.1 || >=22.0.0"
      },
      "peerDependencies": {
        "rxjs": "^6.5.3 || ^7.4.0",
        "zone.js": "~0.14.10"
      }
    },
    "node_modules/@angular/forms": {
      "version": "18.2.14",
      "resolved": "https://nexus.stj.jus.br/repository/npm-stj/@angular/forms/-/forms-18.2.14.tgz",
      "integrity": "sha512-fZVwXctmBJa5VdopJae/T9MYKPXNd04+6j4k/6X819y+9fiyWLJt2QicSc5Rc+YD9mmhXag3xaljlrnotf9VGA==",
      "license": "MIT",
      "peer": true,
      "dependencies": {
        "tslib": "^2.3.0"
      },
      "engines": {
        "node": "^18.19.1 || ^20.11.1 || >=22.0.0"
      },
      "peerDependencies": {
        "@angular/common": "18.2.14",
        "@angular/core": "18.2.14",
        "@angular/platform-browser": "18.2.14",
        "rxjs": "^6.5.3 || ^7.4.0"
      }
    },
    "node_modules/@angular/platform-browser": {
      "version": "18.2.14",
      "resolved": "https://nexus.stj.jus.br/repository/npm-stj/@angular/platform-browser/-/platform-browser-18.2.14.tgz",
      "integrity": "sha512-W+JTxI25su3RiZVZT3Yrw6KNUCmOIy7OZIZ+612skPgYK2f2qil7VclnW1oCwG896h50cMJU/lnAfxZxefQgyQ==",
      "license": "MIT",
      "peer": true,
      "dependencies": {
        "tslib": "^2.3.0"
      },
      "engines": {
        "node": "^18.19.1 || ^20.11.1 || >=22.0.0"
      },
      "peerDependencies": {
        "@angular/animations": "18.2.14",
        "@angular/common": "18.2.14",
        "@angular/core": "18.2.14"
      },
      "peerDependenciesMeta": {
        "@angular/animations": {
          "optional": true
        }
      }
    },
    "node_modules/@types/html2pdf.js": {
      "version": "0.10.0",
      "resolved": "https://nexus.stj.jus.br/repository/npm-stj/@types/html2pdf.js/-/html2pdf.js-0.10.0.tgz",
      "integrity": "sha512-XisuzaIQRGHsdu+Xxnymffh/+M2cu4lzpFMsoMTCoq3flN0EcEVFeYhqIO2uq5FE19NoA7tWYE62lS3SeOdMqA==",
      "dev": true,
      "license": "MIT"
    },
    "node_modules/ngx-select-dropdown": {
      "version": "3.3.2",
      "resolved": "https://nexus.stj.jus.br/repository/npm-stj/ngx-select-dropdown/-/ngx-select-dropdown-3.3.2.tgz",
      "integrity": "sha512-xPIjIO8JfFC+KPcarlqFKMZ/K0WU8e+hFuLuzbn0IqbDbhuBnVVSjosktF862pnvkx0oPjeyPxZBkhYkixpN+w==",
      "license": "MIT",
      "dependencies": {
        "tslib": "^2.3.0"
      },
      "peerDependencies": {
        "@angular/common": ">=4.0.0",
        "@angular/core": ">=4.0.0"
      }
    },
    "node_modules/rxjs": {
      "version": "7.8.2",
      "resolved": "https://nexus.stj.jus.br/repository/npm-stj/rxjs/-/rxjs-7.8.2.tgz",
      "integrity": "sha512-dhKf903U/PQZY6boNNtAGdWbG85WAbjT/1xYoZIC7FAY0yWapOBQVsVrDl58W86//e1VpMNBtRV4MaXfdMySFA==",
      "license": "Apache-2.0",
      "peer": true,
      "dependencies": {
        "tslib": "^2.1.0"
      }
    },
    "node_modules/tslib": {
      "version": "2.8.1",
      "resolved": "https://nexus.stj.jus.br/repository/npm-stj/tslib/-/tslib-2.8.1.tgz",
      "integrity": "sha512-oJFu94HQb+KVduSUQL7wnpmqnfmLsOA/nAh6b6EH0wCEoK0/mPeXU6c3wKDV83MkOuHPRHtSXKKU99IBazS/2w==",
      "license": "0BSD"
    },
    "node_modules/zone.js": {
      "version": "0.14.10",
      "resolved": "https://nexus.stj.jus.br/repository/npm-stj/zone.js/-/zone.js-0.14.10.tgz",
      "integrity": "sha512-YGAhaO7J5ywOXW6InXNlLmfU194F8lVgu7bRntUF3TiG8Y3nBK0x1UJJuHUP/e8IyihkjCYqhCScpSwnlaSRkQ==",
      "license": "MIT",
      "peer": true
    }
  }
}
